// !$*UTF8*$!
{
	archiveVersion = 1;
	classes = {
	};
	objectVersion = 77;
	objects = {

/* Begin PBXBuildFile section */
		42B1704D306C03F300F24400 /* DriveScopeWatch.app in Embed Watch Content */ = {isa = PBXBuildFile; fileRef = 4249A237306C03D800B81416 /* DriveScopeWatch.app */; settings = {ATTRIBUTES = (RemoveHeadersOnCopy, ); }; };
		D5C0DE00000000000000002D /* DriveScopeWidgets.appex in Embed Foundation Extensions */ = {isa = PBXBuildFile; fileRef = D5C0DE000000000000000002 /* DriveScopeWidgets.appex */; settings = {ATTRIBUTES = (RemoveHeadersOnCopy, ); }; };
		D5C0DE000000000000000032 /* WidgetKit.framework in Frameworks */ = {isa = PBXBuildFile; fileRef = D5C0DE000000000000000010 /* WidgetKit.framework */; };
		D5C0DE000000000000000033 /* SwiftUI.framework in Frameworks */ = {isa = PBXBuildFile; fileRef = D5C0DE000000000000000011 /* SwiftUI.framework */; };
		D5C0DE000000000000000035 /* DriveDomain in Frameworks */ = {isa = PBXBuildFile; productRef = D5C0DE000000000000000034 /* DriveDomain */; };
		D5C0DE000000000000000037 /* DriveSensors in Frameworks */ = {isa = PBXBuildFile; productRef = D5C0DE000000000000000036 /* DriveSensors */; };
		D5C0DE000000000000000039 /* DriveStorage in Frameworks */ = {isa = PBXBuildFile; productRef = D5C0DE000000000000000038 /* DriveStorage */; };
		D5C0DE00000000000000003B /* DriveRecording in Frameworks */ = {isa = PBXBuildFile; productRef = D5C0DE00000000000000003A /* DriveRecording */; };
		D5C0DE00000000000000003D /* DriveReplay in Frameworks */ = {isa = PBXBuildFile; productRef = D5C0DE00000000000000003C /* DriveReplay */; };
		D5C0DE00000000000000003F /* DriveExport in Frameworks */ = {isa = PBXBuildFile; productRef = D5C0DE00000000000000003E /* DriveExport */; };
/* End PBXBuildFile section */

/* Begin PBXContainerItemProxy section */
		4299E582306C03EC00D92D41 /* PBXContainerItemProxy */ = {
			isa = PBXContainerItemProxy;
			containerPortal = D5C0DE00000000000000002B /* Project object */;
			proxyType = 1;
			remoteGlobalIDString = 4249A236306C03D800B81416;
			remoteInfo = DriveScopeWatch;
		};
		D5C0DE00000000000000002E /* PBXContainerItemProxy */ = {
			isa = PBXContainerItemProxy;
			containerPortal = D5C0DE00000000000000002B /* Project object */;
			proxyType = 1;
			remoteGlobalIDString = D5C0DE00000000000000001D;
			remoteInfo = DriveScopeWidgets;
		};
		D5C0DE000000000000000030 /* PBXContainerItemProxy */ = {
			isa = PBXContainerItemProxy;
			containerPortal = D5C0DE00000000000000002B /* Project object */;
			proxyType = 1;
			remoteGlobalIDString = D5C0DE00000000000000001C;
			remoteInfo = DriveScope;
		};
/* End PBXContainerItemProxy section */

/* Begin PBXCopyFilesBuildPhase section */
		42B0F13A306C03F200EB5843 /* Embed Watch Content */ = {
			isa = PBXCopyFilesBuildPhase;
			buildActionMask = 2147483647;
			dstPath = "$(CONTENTS_FOLDER_PATH)/Watch";
			dstSubfolderSpec = 16;
			files = (
				42B1704D306C03F300F24400 /* DriveScopeWatch.app in Embed Watch Content */,
			);
			name = "Embed Watch Content";
			runOnlyForDeploymentPostprocessing = 0;
		};
		D5C0DE000000000000000015 /* Embed Foundation Extensions */ = {
			isa = PBXCopyFilesBuildPhase;
			buildActionMask = 2147483647;
			dstPath = "";
			dstSubfolderSpec = 13;
			files = (
				D5C0DE00000000000000002D /* DriveScopeWidgets.appex in Embed Foundation Extensions */,
			);
			name = "Embed Foundation Extensions";
			runOnlyForDeploymentPostprocessing = 0;
		};
/* End PBXCopyFilesBuildPhase section */

/* Begin PBXFileReference section */
		4249A237306C03D800B81416 /* DriveScopeWatch.app */ = {isa = PBXFileReference; explicitFileType = wrapper.application; includeInIndex = 0; path = DriveScopeWatch.app; sourceTree = BUILT_PRODUCTS_DIR; };
		D5C0DE000000000000000001 /* DriveScope.app */ = {isa = PBXFileReference; explicitFileType = wrapper.application; includeInIndex = 0; path = DriveScope.app; sourceTree = BUILT_PRODUCTS_DIR; };
		D5C0DE000000000000000002 /* DriveScopeWidgets.appex */ = {isa = PBXFileReference; explicitFileType = "wrapper.app-extension"; includeInIndex = 0; path = DriveScopeWidgets.appex; sourceTree = BUILT_PRODUCTS_DIR; };
		D5C0DE000000000000000003 /* DriveScopeUITests.xctest */ = {isa = PBXFileReference; explicitFileType = wrapper.cfbundle; includeInIndex = 0; path = DriveScopeUITests.xctest; sourceTree = BUILT_PRODUCTS_DIR; };
		D5C0DE00000000000000000E /* DriveScope-Info.plist */ = {isa = PBXFileReference; lastKnownFileType = text.plist.xml; path = "DriveScope-Info.plist"; sourceTree = "<group>"; };
		D5C0DE00000000000000000F /* DriveScopeWidgets-Info.plist */ = {isa = PBXFileReference; lastKnownFileType = text.plist.xml; path = "DriveScopeWidgets-Info.plist"; sourceTree = "<group>"; };
		D5C0DE000000000000000010 /* WidgetKit.framework */ = {isa = PBXFileReference; lastKnownFileType = wrapper.framework; name = WidgetKit.framework; path = System/Library/Frameworks/WidgetKit.framework; sourceTree = SDKROOT; };
		D5C0DE000000000000000011 /* SwiftUI.framework */ = {isa = PBXFileReference; lastKnownFileType = wrapper.framework; name = SwiftUI.framework; path = System/Library/Frameworks/SwiftUI.framework; sourceTree = SDKROOT; };
/* End PBXFileReference section */

/* Begin PBXFileSystemSynchronizedRootGroup section */
		4220A4B6306C064A00D06BB2 /* WatchShared */ = {
			isa = PBXFileSystemSynchronizedRootGroup;
			path = WatchShared;
			sourceTree = "<group>";
		};
		425FDFF6306C03E100FFD1AA /* Watch */ = {
			isa = PBXFileSystemSynchronizedRootGroup;
			path = Watch;
			sourceTree = "<group>";
		};
		D5C0DE000000000000000008 /* App */ = {
			isa = PBXFileSystemSynchronizedRootGroup;
			path = App;
			sourceTree = "<group>";
		};
		D5C0DE000000000000000009 /* Features */ = {
			isa = PBXFileSystemSynchronizedRootGroup;
			path = Features;
			sourceTree = "<group>";
		};
		D5C0DE00000000000000000A /* Resources */ = {
			isa = PBXFileSystemSynchronizedRootGroup;
			path = Resources;
			sourceTree = "<group>";
		};
		D5C0DE00000000000000000B /* Shared */ = {
			isa = PBXFileSystemSynchronizedRootGroup;
			path = Shared;
			sourceTree = "<group>";
		};
		D5C0DE00000000000000000C /* LiveActivity */ = {
			isa = PBXFileSystemSynchronizedRootGroup;
			path = LiveActivity;
			sourceTree = "<group>";
		};
		D5C0DE00000000000000000D /* UITests */ = {
			isa = PBXFileSystemSynchronizedRootGroup;
			path = UITests;
			sourceTree = "<group>";
		};
/* End PBXFileSystemSynchronizedRootGroup section */

/* Begin PBXFrameworksBuildPhase section */
		425C1446306C03E000871D57 /* Frameworks */ = {
			isa = PBXFrameworksBuildPhase;
			buildActionMask = 2147483647;
			files = (
			);
			runOnlyForDeploymentPostprocessing = 0;
		};
		D5C0DE000000000000000013 /* Frameworks */ = {
			isa = PBXFrameworksBuildPhase;
			buildActionMask = 2147483647;
			files = (
				D5C0DE000000000000000035 /* DriveDomain in Frameworks */,
				D5C0DE000000000000000037 /* DriveSensors in Frameworks */,
				D5C0DE000000000000000039 /* DriveStorage in Frameworks */,
				D5C0DE00000000000000003B /* DriveRecording in Frameworks */,
				D5C0DE00000000000000003D /* DriveReplay in Frameworks */,
				D5C0DE00000000000000003F /* DriveExport in Frameworks */,
			);
			runOnlyForDeploymentPostprocessing = 0;
		};
		D5C0DE000000000000000017 /* Frameworks */ = {
			isa = PBXFrameworksBuildPhase;
			buildActionMask = 2147483647;
			files = (
				D5C0DE000000000000000032 /* WidgetKit.framework in Frameworks */,
				D5C0DE000000000000000033 /* SwiftUI.framework in Frameworks */,
			);
			runOnlyForDeploymentPostprocessing = 0;
		};
		D5C0DE00000000000000001A /* Frameworks */ = {
			isa = PBXFrameworksBuildPhase;
			buildActionMask = 2147483647;
			files = (
			);
			runOnlyForDeploymentPostprocessing = 0;
		};
/* End PBXFrameworksBuildPhase section */

/* Begin PBXGroup section */
		D5C0DE000000000000000004 = {
			isa = PBXGroup;
			children = (
				D5C0DE000000000000000008 /* App */,
				D5C0DE000000000000000009 /* Features */,
				D5C0DE00000000000000000A /* Resources */,
				D5C0DE00000000000000000B /* Shared */,
				D5C0DE00000000000000000C /* LiveActivity */,
				D5C0DE00000000000000000D /* UITests */,
				D5C0DE000000000000000006 /* Config */,
				D5C0DE000000000000000007 /* Frameworks */,
				D5C0DE000000000000000005 /* Products */,
				425FDFF6306C03E100FFD1AA /* Watch */,
				4220A4B6306C064A00D06BB2 /* WatchShared */,
			);
			sourceTree = "<group>";
		};
		D5C0DE000000000000000005 /* Products */ = {
			isa = PBXGroup;
			children = (
				D5C0DE000000000000000001 /* DriveScope.app */,
				D5C0DE000000000000000002 /* DriveScopeWidgets.appex */,
				D5C0DE000000000000000003 /* DriveScopeUITests.xctest */,
				4249A237306C03D800B81416 /* DriveScopeWatch.app */,
			);
			name = Products;
			sourceTree = "<group>";
		};
		D5C0DE000000000000000006 /* Config */ = {
			isa = PBXGroup;
			children = (
				D5C0DE00000000000000000E /* DriveScope-Info.plist */,
				D5C0DE00000000000000000F /* DriveScopeWidgets-Info.plist */,
			);
			path = Config;
			sourceTree = "<group>";
		};
		D5C0DE000000000000000007 /* Frameworks */ = {
			isa = PBXGroup;
			children = (
				D5C0DE000000000000000010 /* WidgetKit.framework */,
				D5C0DE000000000000000011 /* SwiftUI.framework */,
			);
			name = Frameworks;
			sourceTree = "<group>";
		};
/* End PBXGroup section */

/* Begin PBXNativeTarget section */
		4249A236306C03D800B81416 /* DriveScopeWatch */ = {
			isa = PBXNativeTarget;
			buildConfigurationList = 4249A23A306C03D800B81416 /* Build configuration list for PBXNativeTarget "DriveScopeWatch" */;
			buildPhases = (
				425BF92B306C03E000ECD8EF /* Sources */,
				425C1446306C03E000871D57 /* Frameworks */,
				425DC5EB306C03E100510B70 /* Resources */,
			);
			buildRules = (
			);
			dependencies = (
			);
			fileSystemSynchronizedGroups = (
				4220A4B6306C064A00D06BB2 /* WatchShared */,
				425FDFF6306C03E100FFD1AA /* Watch */,
			);
			name = DriveScopeWatch;
			packageProductDependencies = (
			);
			productName = DriveScopeWatch;
			productReference = 4249A237306C03D800B81416 /* DriveScopeWatch.app */;
			productType = "com.apple.product-type.application";
		};
		D5C0DE00000000000000001C /* DriveScope */ = {
			isa = PBXNativeTarget;
			buildConfigurationList = D5C0DE000000000000000020 /* Build configuration list for PBXNativeTarget "DriveScope" */;
			buildPhases = (
				D5C0DE000000000000000012 /* Sources */,
				D5C0DE000000000000000013 /* Frameworks */,
				D5C0DE000000000000000014 /* Resources */,
				D5C0DE000000000000000015 /* Embed Foundation Extensions */,
				42B0F13A306C03F200EB5843 /* Embed Watch Content */,
			);
			buildRules = (
			);
			dependencies = (
				D5C0DE00000000000000002F /* PBXTargetDependency */,
				4299E583306C03EC00D92D41 /* PBXTargetDependency */,
			);
			fileSystemSynchronizedGroups = (
				4220A4B6306C064A00D06BB2 /* WatchShared */,
				D5C0DE000000000000000008 /* App */,
				D5C0DE000000000000000009 /* Features */,
				D5C0DE00000000000000000A /* Resources */,
				D5C0DE00000000000000000B /* Shared */,
			);
			name = DriveScope;
			packageProductDependencies = (
				D5C0DE000000000000000034 /* DriveDomain */,
				D5C0DE000000000000000036 /* DriveSensors */,
				D5C0DE000000000000000038 /* DriveStorage */,
				D5C0DE00000000000000003A /* DriveRecording */,
				D5C0DE00000000000000003C /* DriveReplay */,
				D5C0DE00000000000000003E /* DriveExport */,
			);
			productName = DriveScope;
			productReference = D5C0DE000000000000000001 /* DriveScope.app */;
			productType = "com.apple.product-type.application";
		};
		D5C0DE00000000000000001D /* DriveScopeWidgets */ = {
			isa = PBXNativeTarget;
			buildConfigurationList = D5C0DE000000000000000021 /* Build configuration list for PBXNativeTarget "DriveScopeWidgets" */;
			buildPhases = (
				D5C0DE000000000000000016 /* Sources */,
				D5C0DE000000000000000017 /* Frameworks */,
				D5C0DE000000000000000018 /* Resources */,
			);
			buildRules = (
			);
			dependencies = (
			);
			fileSystemSynchronizedGroups = (
				D5C0DE00000000000000000B /* Shared */,
				D5C0DE00000000000000000C /* LiveActivity */,
			);
			name = DriveScopeWidgets;
			packageProductDependencies = (
			);
			productName = DriveScopeWidgets;
			productReference = D5C0DE000000000000000002 /* DriveScopeWidgets.appex */;
			productType = "com.apple.product-type.app-extension";
		};
		D5C0DE00000000000000001E /* DriveScopeUITests */ = {
			isa = PBXNativeTarget;
			buildConfigurationList = D5C0DE000000000000000022 /* Build configuration list for PBXNativeTarget "DriveScopeUITests" */;
			buildPhases = (
				D5C0DE000000000000000019 /* Sources */,
				D5C0DE00000000000000001A /* Frameworks */,
				D5C0DE00000000000000001B /* Resources */,
			);
			buildRules = (
			);
			dependencies = (
				D5C0DE000000000000000031 /* PBXTargetDependency */,
			);
			fileSystemSynchronizedGroups = (
				D5C0DE00000000000000000D /* UITests */,
			);
			name = DriveScopeUITests;
			packageProductDependencies = (
			);
			productName = DriveScopeUITests;
			productReference = D5C0DE000000000000000003 /* DriveScopeUITests.xctest */;
			productType = "com.apple.product-type.bundle.ui-testing";
		};
/* End PBXNativeTarget section */

/* Begin PBXProject section */
		D5C0DE00000000000000002B /* Project object */ = {
			isa = PBXProject;
			attributes = {
				BuildIndependentTargetsInParallel = 1;
				LastSwiftUpdateCheck = 2720;
				LastUpgradeCheck = 2720;
				TargetAttributes = {
					D5C0DE00000000000000001E = {
						TestTargetID = D5C0DE00000000000000001C;
					};
				};
			};
			buildConfigurationList = D5C0DE00000000000000001F /* Build configuration list for PBXProject "DriveScope" */;
			developmentRegion = en;
			hasScannedForEncodings = 0;
			knownRegions = (
				en,
				Base,
				ja,
			);
			mainGroup = D5C0DE000000000000000004;
			minimizedProjectReferenceProxies = 1;
			packageReferences = (
				D5C0DE00000000000000002C /* XCLocalSwiftPackageReference "Packages/DriveKit" */,
			);
			preferredProjectObjectVersion = 77;
			productRefGroup = D5C0DE000000000000000005 /* Products */;
			projectDirPath = "";
			projectRoot = "";
			targets = (
				D5C0DE00000000000000001C /* DriveScope */,
				D5C0DE00000000000000001D /* DriveScopeWidgets */,
				D5C0DE00000000000000001E /* DriveScopeUITests */,
				4249A236306C03D800B81416 /* DriveScopeWatch */,
			);
		};
/* End PBXProject section */

/* Begin PBXResourcesBuildPhase section */
		425DC5EB306C03E100510B70 /* Resources */ = {
			isa = PBXResourcesBuildPhase;
			buildActionMask = 2147483647;
			files = (
			);
			runOnlyForDeploymentPostprocessing = 0;
		};
		D5C0DE000000000000000014 /* Resources */ = {
			isa = PBXResourcesBuildPhase;
			buildActionMask = 2147483647;
			files = (
			);
			runOnlyForDeploymentPostprocessing = 0;
		};
		D5C0DE000000000000000018 /* Resources */ = {
			isa = PBXResourcesBuildPhase;
			buildActionMask = 2147483647;
			files = (
			);
			runOnlyForDeploymentPostprocessing = 0;
		};
		D5C0DE00000000000000001B /* Resources */ = {
			isa = PBXResourcesBuildPhase;
			buildActionMask = 2147483647;
			files = (
			);
			runOnlyForDeploymentPostprocessing = 0;
		};
/* End PBXResourcesBuildPhase section */

/* Begin PBXSourcesBuildPhase section */
		425BF92B306C03E000ECD8EF /* Sources */ = {
			isa = PBXSourcesBuildPhase;
			buildActionMask = 2147483647;
			files = (
			);
			runOnlyForDeploymentPostprocessing = 0;
		};
		D5C0DE000000000000000012 /* Sources */ = {
			isa = PBXSourcesBuildPhase;
			buildActionMask = 2147483647;
			files = (
			);
			runOnlyForDeploymentPostprocessing = 0;
		};
		D5C0DE000000000000000016 /* Sources */ = {
			isa = PBXSourcesBuildPhase;
			buildActionMask = 2147483647;
			files = (
			);
			runOnlyForDeploymentPostprocessing = 0;
		};
		D5C0DE000000000000000019 /* Sources */ = {
			isa = PBXSourcesBuildPhase;
			buildActionMask = 2147483647;
			files = (
			);
			runOnlyForDeploymentPostprocessing = 0;
		};
/* End PBXSourcesBuildPhase section */

/* Begin PBXTargetDependency section */
		4299E583306C03EC00D92D41 /* PBXTargetDependency */ = {
			isa = PBXTargetDependency;
			target = 4249A236306C03D800B81416 /* DriveScopeWatch */;
			targetProxy = 4299E582306C03EC00D92D41 /* PBXContainerItemProxy */;
		};
		D5C0DE00000000000000002F /* PBXTargetDependency */ = {
			isa = PBXTargetDependency;
			target = D5C0DE00000000000000001D /* DriveScopeWidgets */;
			targetProxy = D5C0DE00000000000000002E /* PBXContainerItemProxy */;
		};
		D5C0DE000000000000000031 /* PBXTargetDependency */ = {
			isa = PBXTargetDependency;
			target = D5C0DE00000000000000001C /* DriveScope */;
			targetProxy = D5C0DE000000000000000030 /* PBXContainerItemProxy */;
		};
/* End PBXTargetDependency section */

/* Begin XCBuildConfiguration section */
		4249A238306C03D800B81416 /* Debug */ = {
			isa = XCBuildConfiguration;
			buildSettings = {
				ASSETCATALOG_COMPILER_APPICON_NAME = AppIcon;
				CODE_SIGN_STYLE = Automatic;
				CURRENT_PROJECT_VERSION = 1;
				ENABLE_PREVIEWS = YES;
				GENERATE_INFOPLIST_FILE = YES;
				INFOPLIST_KEY_CFBundleDisplayName = DriveScope;
				INFOPLIST_KEY_WKCompanionAppBundleIdentifier = com.miquottty.DriveScope;
				INFOPLIST_KEY_WKRunsIndependentlyOfCompanionApp = NO;
				LD_RUNPATH_SEARCH_PATHS = (
					"$(inherited)",
					"@executable_path/Frameworks",
				);
				MARKETING_VERSION = 1.0;
				PRODUCT_BUNDLE_IDENTIFIER = com.miquottty.DriveScope.watchkitapp;
				PRODUCT_NAME = "$(TARGET_NAME)";
				SDKROOT = watchos;
				SKIP_INSTALL = YES;
				SWIFT_EMIT_LOC_STRINGS = YES;
				TARGETED_DEVICE_FAMILY = 4;
				WATCHOS_DEPLOYMENT_TARGET = 27.0;
			};
			name = Debug;
		};
		4249A239306C03D800B81416 /* Release */ = {
			isa = XCBuildConfiguration;
			buildSettings = {
				ASSETCATALOG_COMPILER_APPICON_NAME = AppIcon;
				CODE_SIGN_STYLE = Automatic;
				CURRENT_PROJECT_VERSION = 1;
				ENABLE_PREVIEWS = YES;
				GENERATE_INFOPLIST_FILE = YES;
				INFOPLIST_KEY_CFBundleDisplayName = DriveScope;
				INFOPLIST_KEY_WKCompanionAppBundleIdentifier = com.miquottty.DriveScope;
				INFOPLIST_KEY_WKRunsIndependentlyOfCompanionApp = NO;
				LD_RUNPATH_SEARCH_PATHS = (
					"$(inherited)",
					"@executable_path/Frameworks",
				);
				MARKETING_VERSION = 1.0;
				PRODUCT_BUNDLE_IDENTIFIER = com.miquottty.DriveScope.watchkitapp;
				PRODUCT_NAME = "$(TARGET_NAME)";
				SDKROOT = watchos;
				SKIP_INSTALL = YES;
				SWIFT_EMIT_LOC_STRINGS = YES;
				TARGETED_DEVICE_FAMILY = 4;
				WATCHOS_DEPLOYMENT_TARGET = 27.0;
			};
			name = Release;
		};
		D5C0DE000000000000000023 /* Debug */ = {
			isa = XCBuildConfiguration;
			buildSettings = {
				ALWAYS_SEARCH_USER_PATHS = NO;
				CLANG_ENABLE_MODULES = YES;
				CLANG_ENABLE_OBJC_ARC = YES;
				CODE_SIGN_STYLE = Automatic;
				DEBUG_INFORMATION_FORMAT = dwarf;
				DEVELOPMENT_TEAM = NHP8639NK4;
				ENABLE_PREVIEWS = YES;
				ENABLE_STRICT_OBJC_MSGSEND = YES;
				ENABLE_TESTABILITY = YES;
				ENABLE_USER_SCRIPT_SANDBOXING = YES;
				GCC_C_LANGUAGE_STANDARD = gnu17;
				GCC_OPTIMIZATION_LEVEL = 0;
				IPHONEOS_DEPLOYMENT_TARGET = 27.0;
				LOCALIZATION_PREFERS_STRING_CATALOGS = YES;
				MTL_ENABLE_DEBUG_INFO = INCLUDE_SOURCE;
				ONLY_ACTIVE_ARCH = YES;
				SDKROOT = iphoneos;
				STRING_CATALOG_GENERATE_SYMBOLS = YES;
				SWIFT_ACTIVE_COMPILATION_CONDITIONS = "DEBUG $(inherited)";
				SWIFT_APPROACHABLE_CONCURRENCY = YES;
				SWIFT_DEFAULT_ACTOR_ISOLATION = MainActor;
				SWIFT_EMIT_LOC_STRINGS = YES;
				SWIFT_OPTIMIZATION_LEVEL = "-Onone";
				SWIFT_UPCOMING_FEATURE_MEMBER_IMPORT_VISIBILITY = YES;
				SWIFT_VERSION = 6.0;
				TARGETED_DEVICE_FAMILY = "1,2";
			};
			name = Debug;
		};
		D5C0DE000000000000000024 /* Release */ = {
			isa = XCBuildConfiguration;
			buildSettings = {
				ALWAYS_SEARCH_USER_PATHS = NO;
				CLANG_ENABLE_MODULES = YES;
				CLANG_ENABLE_OBJC_ARC = YES;
				CODE_SIGN_STYLE = Automatic;
				DEBUG_INFORMATION_FORMAT = "dwarf-with-dsym";
				DEVELOPMENT_TEAM = NHP8639NK4;
				ENABLE_NS_ASSERTIONS = NO;
				ENABLE_PREVIEWS = YES;
				ENABLE_STRICT_OBJC_MSGSEND = YES;
				ENABLE_USER_SCRIPT_SANDBOXING = YES;
				GCC_C_LANGUAGE_STANDARD = gnu17;
				IPHONEOS_DEPLOYMENT_TARGET = 27.0;
				LOCALIZATION_PREFERS_STRING_CATALOGS = YES;
				SDKROOT = iphoneos;
				STRING_CATALOG_GENERATE_SYMBOLS = YES;
				SWIFT_APPROACHABLE_CONCURRENCY = YES;
				SWIFT_COMPILATION_MODE = wholemodule;
				SWIFT_DEFAULT_ACTOR_ISOLATION = MainActor;
				SWIFT_EMIT_LOC_STRINGS = YES;
				SWIFT_UPCOMING_FEATURE_MEMBER_IMPORT_VISIBILITY = YES;
				SWIFT_VERSION = 6.0;
				TARGETED_DEVICE_FAMILY = "1,2";
				VALIDATE_PRODUCT = YES;
			};
			name = Release;
		};
		D5C0DE000000000000000025 /* Debug */ = {
			isa = XCBuildConfiguration;
			buildSettings = {
				ASSETCATALOG_COMPILER_APPICON_NAME = AppIcon;
				ASSETCATALOG_COMPILER_GLOBAL_ACCENT_COLOR_NAME = AccentColor;
				CURRENT_PROJECT_VERSION = 1;
				GENERATE_INFOPLIST_FILE = YES;
				INFOPLIST_FILE = "Config/DriveScope-Info.plist";
				INFOPLIST_KEY_CFBundleDisplayName = DriveScope;
				INFOPLIST_KEY_NSLocationAlwaysAndWhenInUseUsageDescription = "DriveScope uses your location in the background to reopen and continue a recording that was interrupted mid-drive (robust mode).";
				INFOPLIST_KEY_NSLocationWhenInUseUsageDescription = "DriveScope records your route, speed and altitude while you drive.";
				INFOPLIST_KEY_NSMotionUsageDescription = "DriveScope records acceleration and attitude to measure g-forces.";
				INFOPLIST_KEY_UIApplicationSceneManifest_Generation = YES;
				INFOPLIST_KEY_UILaunchScreen_Generation = YES;
				INFOPLIST_KEY_UIStatusBarStyle = UIStatusBarStyleLightContent;
				INFOPLIST_KEY_UISupportedInterfaceOrientations_iPad = "UIInterfaceOrientationPortrait UIInterfaceOrientationPortraitUpsideDown UIInterfaceOrientationLandscapeLeft UIInterfaceOrientationLandscapeRight";
				INFOPLIST_KEY_UISupportedInterfaceOrientations_iPhone = "UIInterfaceOrientationPortrait UIInterfaceOrientationLandscapeLeft UIInterfaceOrientationLandscapeRight";
				LD_RUNPATH_SEARCH_PATHS = (
					"$(inherited)",
					"@executable_path/Frameworks",
				);
				MARKETING_VERSION = 1.0;
				PRODUCT_BUNDLE_IDENTIFIER = com.miquottty.DriveScope;
				PRODUCT_NAME = "$(TARGET_NAME)";
			};
			name = Debug;
		};
		D5C0DE000000000000000026 /* Release */ = {
			isa = XCBuildConfiguration;
			buildSettings = {
				ASSETCATALOG_COMPILER_APPICON_NAME = AppIcon;
				ASSETCATALOG_COMPILER_GLOBAL_ACCENT_COLOR_NAME = AccentColor;
				CURRENT_PROJECT_VERSION = 1;
				GENERATE_INFOPLIST_FILE = YES;
				INFOPLIST_FILE = "Config/DriveScope-Info.plist";
				INFOPLIST_KEY_CFBundleDisplayName = DriveScope;
				INFOPLIST_KEY_NSLocationAlwaysAndWhenInUseUsageDescription = "DriveScope uses your location in the background to reopen and continue a recording that was interrupted mid-drive (robust mode).";
				INFOPLIST_KEY_NSLocationWhenInUseUsageDescription = "DriveScope records your route, speed and altitude while you drive.";
				INFOPLIST_KEY_NSMotionUsageDescription = "DriveScope records acceleration and attitude to measure g-forces.";
				INFOPLIST_KEY_UIApplicationSceneManifest_Generation = YES;
				INFOPLIST_KEY_UILaunchScreen_Generation = YES;
				INFOPLIST_KEY_UIStatusBarStyle = UIStatusBarStyleLightContent;
				INFOPLIST_KEY_UISupportedInterfaceOrientations_iPad = "UIInterfaceOrientationPortrait UIInterfaceOrientationPortraitUpsideDown UIInterfaceOrientationLandscapeLeft UIInterfaceOrientationLandscapeRight";
				INFOPLIST_KEY_UISupportedInterfaceOrientations_iPhone = "UIInterfaceOrientationPortrait UIInterfaceOrientationLandscapeLeft UIInterfaceOrientationLandscapeRight";
				LD_RUNPATH_SEARCH_PATHS = (
					"$(inherited)",
					"@executable_path/Frameworks",
				);
				MARKETING_VERSION = 1.0;
				PRODUCT_BUNDLE_IDENTIFIER = com.miquottty.DriveScope;
				PRODUCT_NAME = "$(TARGET_NAME)";
			};
			name = Release;
		};
		D5C0DE000000000000000027 /* Debug */ = {
			isa = XCBuildConfiguration;
			buildSettings = {
				CURRENT_PROJECT_VERSION = 1;
				GENERATE_INFOPLIST_FILE = YES;
				INFOPLIST_FILE = "Config/DriveScopeWidgets-Info.plist";
				INFOPLIST_KEY_CFBundleDisplayName = DriveScope;
				LD_RUNPATH_SEARCH_PATHS = (
					"$(inherited)",
					"@executable_path/Frameworks",
					"@executable_path/../../Frameworks",
				);
				MARKETING_VERSION = 1.0;
				PRODUCT_BUNDLE_IDENTIFIER = com.miquottty.DriveScope.Widgets;
				PRODUCT_NAME = "$(TARGET_NAME)";
				SKIP_INSTALL = YES;
				SWIFT_ACTIVE_COMPILATION_CONDITIONS = "$(inherited) WIDGET_EXTENSION";
			};
			name = Debug;
		};
		D5C0DE000000000000000028 /* Release */ = {
			isa = XCBuildConfiguration;
			buildSettings = {
				CURRENT_PROJECT_VERSION = 1;
				GENERATE_INFOPLIST_FILE = YES;
				INFOPLIST_FILE = "Config/DriveScopeWidgets-Info.plist";
				INFOPLIST_KEY_CFBundleDisplayName = DriveScope;
				LD_RUNPATH_SEARCH_PATHS = (
					"$(inherited)",
					"@executable_path/Frameworks",
					"@executable_path/../../Frameworks",
				);
				MARKETING_VERSION = 1.0;
				PRODUCT_BUNDLE_IDENTIFIER = com.miquottty.DriveScope.Widgets;
				PRODUCT_NAME = "$(TARGET_NAME)";
				SKIP_INSTALL = YES;
				SWIFT_ACTIVE_COMPILATION_CONDITIONS = "$(inherited) WIDGET_EXTENSION";
			};
			name = Release;
		};
		D5C0DE000000000000000029 /* Debug */ = {
			isa = XCBuildConfiguration;
			buildSettings = {
				CURRENT_PROJECT_VERSION = 1;
				GENERATE_INFOPLIST_FILE = YES;
				MARKETING_VERSION = 1.0;
				PRODUCT_BUNDLE_IDENTIFIER = com.miquottty.DriveScopeUITests;
				PRODUCT_NAME = "$(TARGET_NAME)";
				SWIFT_DEFAULT_ACTOR_ISOLATION = nonisolated;
				TEST_TARGET_NAME = DriveScope;
			};
			name = Debug;
		};
		D5C0DE00000000000000002A /* Release */ = {
			isa = XCBuildConfiguration;
			buildSettings = {
				CURRENT_PROJECT_VERSION = 1;
				GENERATE_INFOPLIST_FILE = YES;
				MARKETING_VERSION = 1.0;
				PRODUCT_BUNDLE_IDENTIFIER = com.miquottty.DriveScopeUITests;
				PRODUCT_NAME = "$(TARGET_NAME)";
				SWIFT_DEFAULT_ACTOR_ISOLATION = nonisolated;
				TEST_TARGET_NAME = DriveScope;
			};
			name = Release;
		};
/* End XCBuildConfiguration section */

/* Begin XCConfigurationList section */
		4249A23A306C03D800B81416 /* Build configuration list for PBXNativeTarget "DriveScopeWatch" */ = {
			isa = XCConfigurationList;
			buildConfigurations = (
				4249A238306C03D800B81416 /* Debug */,
				4249A239306C03D800B81416 /* Release */,
			);
			defaultConfigurationIsVisible = 0;
			defaultConfigurationName = Release;
		};
		D5C0DE00000000000000001F /* Build configuration list for PBXProject "DriveScope" */ = {
			isa = XCConfigurationList;
			buildConfigurations = (
				D5C0DE000000000000000023 /* Debug */,
				D5C0DE000000000000000024 /* Release */,
			);
			defaultConfigurationIsVisible = 0;
			defaultConfigurationName = Release;
		};
		D5C0DE000000000000000020 /* Build configuration list for PBXNativeTarget "DriveScope" */ = {
			isa = XCConfigurationList;
			buildConfigurations = (
				D5C0DE000000000000000025 /* Debug */,
				D5C0DE000000000000000026 /* Release */,
			);
			defaultConfigurationIsVisible = 0;
			defaultConfigurationName = Release;
		};
		D5C0DE000000000000000021 /* Build configuration list for PBXNativeTarget "DriveScopeWidgets" */ = {
			isa = XCConfigurationList;
			buildConfigurations = (
				D5C0DE000000000000000027 /* Debug */,
				D5C0DE000000000000000028 /* Release */,
			);
			defaultConfigurationIsVisible = 0;
			defaultConfigurationName = Release;
		};
		D5C0DE000000000000000022 /* Build configuration list for PBXNativeTarget "DriveScopeUITests" */ = {
			isa = XCConfigurationList;
			buildConfigurations = (
				D5C0DE000000000000000029 /* Debug */,
				D5C0DE00000000000000002A /* Release */,
			);
			defaultConfigurationIsVisible = 0;
			defaultConfigurationName = Release;
		};
/* End XCConfigurationList section */

/* Begin XCLocalSwiftPackageReference section */
		D5C0DE00000000000000002C /* XCLocalSwiftPackageReference "Packages/DriveKit" */ = {
			isa = XCLocalSwiftPackageReference;
			relativePath = Packages/DriveKit;
		};
/* End XCLocalSwiftPackageReference section */

/* Begin XCSwiftPackageProductDependency section */
		D5C0DE000000000000000034 /* DriveDomain */ = {
			isa = XCSwiftPackageProductDependency;
			package = D5C0DE00000000000000002C /* XCLocalSwiftPackageReference "Packages/DriveKit" */;
			productName = DriveDomain;
		};
		D5C0DE000000000000000036 /* DriveSensors */ = {
			isa = XCSwiftPackageProductDependency;
			package = D5C0DE00000000000000002C /* XCLocalSwiftPackageReference "Packages/DriveKit" */;
			productName = DriveSensors;
		};
		D5C0DE000000000000000038 /* DriveStorage */ = {
			isa = XCSwiftPackageProductDependency;
			package = D5C0DE00000000000000002C /* XCLocalSwiftPackageReference "Packages/DriveKit" */;
			productName = DriveStorage;
		};
		D5C0DE00000000000000003A /* DriveRecording */ = {
			isa = XCSwiftPackageProductDependency;
			package = D5C0DE00000000000000002C /* XCLocalSwiftPackageReference "Packages/DriveKit" */;
			productName = DriveRecording;
		};
		D5C0DE00000000000000003C /* DriveReplay */ = {
			isa = XCSwiftPackageProductDependency;
			package = D5C0DE00000000000000002C /* XCLocalSwiftPackageReference "Packages/DriveKit" */;
			productName = DriveReplay;
		};
		D5C0DE00000000000000003E /* DriveExport */ = {
			isa = XCSwiftPackageProductDependency;
			package = D5C0DE00000000000000002C /* XCLocalSwiftPackageReference "Packages/DriveKit" */;
			productName = DriveExport;
		};
/* End XCSwiftPackageProductDependency section */
	};
	rootObject = D5C0DE00000000000000002B /* Project object */;
}
